{
  "requires": true,
  "lockfileVersion": 1,
  "dependencies": {
    "@gql2ts/from-schema": {
      "version": "1.8.0",
      "resolved": "https://registry.npmjs.org/@gql2ts/from-schema/-/from-schema-1.8.0.tgz",
      "integrity": "sha512-Vypy5CNZKg3nVR2x7FhIBpK4z0i7IegtJmBPRExl33+lOGqHGd/W/BiufuasjcsvNgmKz/NvQSS1EN0+Qec9sw==",
      "requires": {
        "@gql2ts/language-typescript": "1.8.0",
        "@gql2ts/util": "1.8.0",
        "dedent": "0.7.0",
        "graphql": "0.13.2"
      }
    },
    "@gql2ts/language-typescript": {
      "version": "1.8.0",
      "resolved": "https://registry.npmjs.org/@gql2ts/language-typescript/-/language-typescript-1.8.0.tgz",
      "integrity": "sha512-RTSk4h0/aycj1Q4qtBt8RCxFSBrl4a1NCL6LYfkCVLHAlERqYffUz+1aeTwse5lQVxJb6tN2yuQWRtEqkq8q5g==",
      "requires": {
        "@gql2ts/util": "1.8.0",
        "humps": "2.0.1",
        "typescript": "2.9.1"
      }
    },
    "@gql2ts/util": {
      "version": "1.8.0",
      "resolved": "https://registry.npmjs.org/@gql2ts/util/-/util-1.8.0.tgz",
      "integrity": "sha512-7OnhwpJt3/3NXP6qJHLuy7H1X4/0mzdBcLrim3M4JqhM7hQo1OQ9spxDY/WNCjtjD8At9W9TmyblD110o7jQTA=="
    },
    "@types/node": {
      "version": "8.10.19",
      "resolved": "http://registry.npm.taobao.org/@types/node/download/@types/node-8.10.19.tgz",
      "integrity": "sha1-ZrW2MlwEjL9FEreoiw55wu6Z09I=",
      "dev": true
    },
    "dedent": {
      "version": "0.7.0",
      "resolved": "https://registry.npmjs.org/dedent/-/dedent-0.7.0.tgz",
      "integrity": "sha1-JJXduvbrh0q7Dhvp3yLS5aVEMmw="
    },
    "graphql": {
      "version": "0.13.2",
      "resolved": "https://registry.npmjs.org/graphql/-/graphql-0.13.2.tgz",
      "integrity": "sha512-QZ5BL8ZO/B20VA8APauGBg3GyEgZ19eduvpLWoq5x7gMmWnHoy8rlQWPLmWgFvo1yNgjSEFMesmS4R6pPr7xog==",
      "requires": {
        "iterall": "1.2.2"
      }
    },
    "humps": {
      "version": "2.0.1",
      "resolved": "https://registry.npmjs.org/humps/-/humps-2.0.1.tgz",
      "integrity": "sha1-3QLqYIG9BWjcXQcxhEY5V7qe+ao="
    },
    "iterall": {
      "version": "1.2.2",
      "resolved": "https://registry.npmjs.org/iterall/-/iterall-1.2.2.tgz",
      "integrity": "sha512-yynBb1g+RFUPY64fTrFv7nsjRrENBQJaX2UL+2Szc9REFrSNm1rpSXHGzhmAy7a9uv3vlvgBlXnf9RqmPH1/DA=="
    },
    "prettier": {
      "version": "1.13.5",
      "resolved": "https://registry.npmjs.org/prettier/-/prettier-1.13.5.tgz",
      "integrity": "sha512-4M90mfvLz6yRf2Dhzd+xPIE6b4xkI8nHMJhsSm9IlfG17g6wujrrm7+H1X8x52tC4cSNm6HmuhCUSNe6Hd5wfw==",
      "dev": true
    },
    "typescript": {
      "version": "2.9.1",
      "resolved": "https://registry.npmjs.org/typescript/-/typescript-2.9.1.tgz",
      "integrity": "sha512-h6pM2f/GDchCFlldnriOhs1QHuwbnmj6/v7499eMHqPeW4V2G0elua2eIc2nu8v2NdHV0Gm+tzX83Hr6nUFjQA=="
    }
  }
}
